// !$*UTF8*$!
{
	archiveVersion = 1;
	classes = {
	};
	objectVersion = 46;
	objects = {

/* Begin PBXBuildFile section */
		D95BFC751B3ECABC00DB0617 /* main.m in Sources */ = {isa = PBXBuildFile; fileRef = D95BFC741B3ECABB00DB0617 /* main.m */; };
		D95BFC781B3ECABC00DB0617 /* AppDelegate.m in Sources */ = {isa = PBXBuildFile; fileRef = D95BFC771B3ECABC00DB0617 /* AppDelegate.m */; };
		D95BFC7B1B3ECABC00DB0617 /* FirstViewController.m in Sources */ = {isa = PBXBuildFile; fileRef = D95BFC7A1B3ECABC00DB0617 /* FirstViewController.m */; };
		D95BFC7E1B3ECABC00DB0617 /* SecondViewController.m in Sources */ = {isa = PBXBuildFile; fileRef = D95BFC7D1B3ECABC00DB0617 /* SecondViewController.m */; };
		D95BFC811B3ECABC00DB0617 /* Main.storyboard in Resources */ = {isa = PBXBuildFile; fileRef = D95BFC7F1B3ECABC00DB0617 /* Main.storyboard */; };
		D95BFC831B3ECABC00DB0617 /* Images.xcassets in Resources */ = {isa = PBXBuildFile; fileRef = D95BFC821B3ECABC00DB0617 /* Images.xcassets */; };
		D95BFC861B3ECABC00DB0617 /* LaunchScreen.xib in Resources */ = {isa = PBXBuildFile; fileRef = D95BFC841B3ECABC00DB0617 /* LaunchScreen.xib */; };
		D95BFC921B3ECABC00DB0617 /* project03viewTests.m in Sources */ = {isa = PBXBuildFile; fileRef = D95BFC911B3ECABC00DB0617 /* project03viewTests.m */; };
/* End PBXBuildFile section */

/* Begin PBXContainerItemProxy section */
		D95BFC8C1B3ECABC00DB0617 /* PBXContainerItemProxy */ = {
			isa = PBXContainerItemProxy;
			containerPortal = D95BFC671B3ECABB00DB0617 /* Project object */;
			proxyType = 1;
			remoteGlobalIDString = D95BFC6E1B3ECABB00DB0617;
			remoteInfo = project03view;
		};
/* End PBXContainerItemProxy section */

/* Begin PBXFileReference section */
		D95BFC6F1B3ECABB00DB0617 /* project03view.app */ = {isa = PBXFileReference; explicitFileType = wrapper.application; includeInIndex = 0; path = project03view.app; sourceTree = BUILT_PRODUCTS_DIR; };
		D95BFC731B3ECABB00DB0617 /* Info.plist */ = {isa = PBXFileReference; lastKnownFileType = text.plist.xml; path = Info.plist; sourceTree = "<group>"; };
		D95BFC741B3ECABB00DB0617 /* main.m */ = {isa = PBXFileReference; lastKnownFileType = sourcecode.c.objc; path = main.m; sourceTree = "<group>"; };
		D95BFC761B3ECABC00DB0617 /* AppDelegate.h */ = {isa = PBXFileReference; lastKnownFileType = sourcecode.c.h; path = AppDelegate.h; sourceTree = "<group>"; };
		D95BFC771B3ECABC00DB0617 /* AppDelegate.m */ = {isa = PBXFileReference; lastKnownFileType = sourcecode.c.objc; path = AppDelegate.m; sourceTree = "<group>"; };
		D95BFC791B3ECABC00DB0617 /* FirstViewController.h */ = {isa = PBXFileReference; lastKnownFileType = sourcecode.c.h; path = FirstViewController.h; sourceTree = "<group>"; };
		D95BFC7A1B3ECABC00DB0617 /* FirstViewController.m */ = {isa = PBXFileReference; lastKnownFileType = sourcecode.c.objc; path = FirstViewController.m; sourceTree = "<group>"; };
		D95BFC7C1B3ECABC00DB0617 /* SecondViewController.h */ = {isa = PBXFileReference; lastKnownFileType = sourcecode.c.h; path = SecondViewController.h; sourceTree = "<group>"; };
		D95BFC7D1B3ECABC00DB0617 /* SecondViewController.m */ = {isa = PBXFileReference; lastKnownFileType = sourcecode.c.objc; path = SecondViewController.m; sourceTree = "<group>"; };
		D95BFC801B3ECABC00DB0617 /* Base */ = {isa = PBXFileReference; lastKnownFileType = file.storyboard; name = Base; path = Base.lproj/Main.storyboard; sourceTree = "<group>"; };
		D95BFC821B3ECABC00DB0617 /* Images.xcassets */ = {isa = PBXFileReference; lastKnownFileType = folder.assetcatalog; path = Images.xcassets; sourceTree = "<group>"; };
		D95BFC851B3ECABC00DB0617 /* Base */ = {isa = PBXFileReference; lastKnownFileType = file.xib; name = Base; path = Base.lproj/LaunchScreen.xib; sourceTree = "<group>"; };
		D95BFC8B1B3ECABC00DB0617 /* project03viewTests.xctest */ = {isa = PBXFileReference; explicitFileType = wrapper.cfbundle; includeInIndex = 0; path = project03viewTests.xctest; sourceTree = BUILT_PRODUCTS_DIR; };
		D95BFC901B3ECABC00DB0617 /* Info.plist */ = {isa = PBXFileReference; lastKnownFileType = text.plist.xml; path = Info.plist; sourceTree = "<group>"; };
		D95BFC911B3ECABC00DB0617 /* project03viewTests.m */ = {isa = PBXFileReference; lastKnownFileType = sourcecode.c.objc; path = project03viewTests.m; sourceTree = "<group>"; };
/* End PBXFileReference section */

/* Begin PBXFrameworksBuildPhase section */
		D95BFC6C1B3ECABB00DB0617 /* Frameworks */ = {
			isa = PBXFrameworksBuildPhase;
			buildActionMask = 2147483647;
			files = (
			);
			runOnlyForDeploymentPostprocessing = 0;
		};
		D95BFC881B3ECABC00DB0617 /* Frameworks */ = {
			isa = PBXFrameworksBuildPhase;
			buildActionMask = 2147483647;
			files = (
			);
			runOnlyForDeploymentPostprocessing = 0;
		};
/* End PBXFrameworksBuildPhase section */

/* Begin PBXGroup section */
		D95BFC661B3ECABB00DB0617 = {
			isa = PBXGroup;
			children = (
				D95BFC711B3ECABB00DB0617 /* project03view */,
				D95BFC8E1B3ECABC00DB0617 /* project03viewTests */,
				D95BFC701B3ECABB00DB0617 /* Products */,
			);
			sourceTree = "<group>";
		};
		D95BFC701B3ECABB00DB0617 /* Products */ = {
			isa = PBXGroup;
			children = (
				D95BFC6F1B3ECABB00DB0617 /* project03view.app */,
				D95BFC8B1B3ECABC00DB0617 /* project03viewTests.xctest */,
			);
			name = Products;
			sourceTree = "<group>";
		};
		D95BFC711B3ECABB00DB0617 /* project03view */ = {
			isa = PBXGroup;
			children = (
				D95BFC761B3ECABC00DB0617 /* AppDelegate.h */,
				D95BFC771B3ECABC00DB0617 /* AppDelegate.m */,
				D95BFC791B3ECABC00DB0617 /* FirstViewController.h */,
				D95BFC7A1B3ECABC00DB0617 /* FirstViewController.m */,
				D95BFC7C1B3ECABC00DB0617 /* SecondViewController.h */,
				D95BFC7D1B3ECABC00DB0617 /* SecondViewController.m */,
				D95BFC7F1B3ECABC00DB0617 /* Main.storyboard */,
				D95BFC821B3ECABC00DB0617 /* Images.xcassets */,
				D95BFC841B3ECABC00DB0617 /* LaunchScreen.xib */,
				D95BFC721B3ECABB00DB0617 /* Supporting Files */,
			);
			path = project03view;
			sourceTree = "<group>";
		};
		D95BFC721B3ECABB00DB0617 /* Supporting Files */ = {
			isa = PBXGroup;
			children = (
				D95BFC731B3ECABB00DB0617 /* Info.plist */,
				D95BFC741B3ECABB00DB0617 /* main.m */,
			);
			name = "Supporting Files";
			sourceTree = "<group>";
		};
		D95BFC8E1B3ECABC00DB0617 /* project03viewTests */ = {
			isa = PBXGroup;
			children = (
				D95BFC911B3ECABC00DB0617 /* project03viewTests.m */,
				D95BFC8F1B3ECABC00DB0617 /* Supporting Files */,
			);
			path = project03viewTests;
			sourceTree = "<group>";
		};
		D95BFC8F1B3ECABC00DB0617 /* Supporting Files */ = {
			isa = PBXGroup;
			children = (
				D95BFC901B3ECABC00DB0617 /* Info.plist */,
			);
			name = "Supporting Files";
			sourceTree = "<group>";
		};
/* End PBXGroup section */

/* Begin PBXNativeTarget section */
		D95BFC6E1B3ECABB00DB0617 /* project03view */ = {
			isa = PBXNativeTarget;
			buildConfigurationList = D95BFC951B3ECABC00DB0617 /* Build configuration list for PBXNativeTarget "project03view" */;
			buildPhases = (
				D95BFC6B1B3ECABB00DB0617 /* Sources */,
				D95BFC6C1B3ECABB00DB0617 /* Frameworks */,
				D95BFC6D1B3ECABB00DB0617 /* Resources */,
			);
			buildRules = (
			);
			dependencies = (
			);
			name = project03view;
			productName = project03view;
			productReference = D95BFC6F1B3ECABB00DB0617 /* project03view.app */;
			productType = "com.apple.product-type.application";
		};
		D95BFC8A1B3ECABC00DB0617 /* project03viewTests */ = {
			isa = PBXNativeTarget;
			buildConfigurationList = D95BFC981B3ECABC00DB0617 /* Build configuration list for PBXNativeTarget "project03viewTests" */;
			buildPhases = (
				D95BFC871B3ECABC00DB0617 /* Sources */,
				D95BFC881B3ECABC00DB0617 /* Frameworks */,
				D95BFC891B3ECABC00DB0617 /* Resources */,
			);
			buildRules = (
			);
			dependencies = (
				D95BFC8D1B3ECABC00DB0617 /* PBXTargetDependency */,
			);
			name = project03viewTests;
			productName = project03viewTests;
			productReference = D95BFC8B1B3ECABC00DB0617 /* project03viewTests.xctest */;
			productType = "com.apple.product-type.bundle.unit-test";
		};
/* End PBXNativeTarget section */

/* Begin PBXProject section */
		D95BFC671B3ECABB00DB0617 /* Project object */ = {
			isa = PBXProject;
			attributes = {
				LastUpgradeCheck = 0630;
				ORGANIZATIONNAME = nhnnext;
				TargetAttributes = {
					D95BFC6E1B3ECABB00DB0617 = {
						CreatedOnToolsVersion = 6.3.2;
					};
					D95BFC8A1B3ECABC00DB0617 = {
						CreatedOnToolsVersion = 6.3.2;
						TestTargetID = D95BFC6E1B3ECABB00DB0617;
					};
				};
			};
			buildConfigurationList = D95BFC6A1B3ECABB00DB0617 /* Build configuration list for PBXProject "project03view" */;
			compatibilityVersion = "Xcode 3.2";
			developmentRegion = English;
			hasScannedForEncodings = 0;
			knownRegions = (
				en,
				Base,
			);
			mainGroup = D95BFC661B3ECABB00DB0617;
			productRefGroup = D95BFC701B3ECABB00DB0617 /* Products */;
			projectDirPath = "";
			projectRoot = "";
			targets = (
				D95BFC6E1B3ECABB00DB0617 /* project03view */,
				D95BFC8A1B3ECABC00DB0617 /* project03viewTests */,
			);
		};
/* End PBXProject section */

/* Begin PBXResourcesBuildPhase section */
		D95BFC6D1B3ECABB00DB0617 /* Resources */ = {
			isa = PBXResourcesBuildPhase;
			buildActionMask = 2147483647;
			files = (
				D95BFC811B3ECABC00DB0617 /* Main.storyboard in Resources */,
				D95BFC861B3ECABC00DB0617 /* LaunchScreen.xib in Resources */,
				D95BFC831B3ECABC00DB0617 /* Images.xcassets in Resources */,
			);
			runOnlyForDeploymentPostprocessing = 0;
		};
		D95BFC891B3ECABC00DB0617 /* Resources */ = {
			isa = PBXResourcesBuildPhase;
			buildActionMask = 2147483647;
			files = (
			);
			runOnlyForDeploymentPostprocessing = 0;
		};
/* End PBXResourcesBuildPhase section */

/* Begin PBXSourcesBuildPhase section */
		D95BFC6B1B3ECABB00DB0617 /* Sources */ = {
			isa = PBXSourcesBuildPhase;
			buildActionMask = 2147483647;
			files = (
				D95BFC7E1B3ECABC00DB0617 /* SecondViewController.m in Sources */,
				D95BFC781B3ECABC00DB0617 /* AppDelegate.m in Sources */,
				D95BFC7B1B3ECABC00DB0617 /* FirstViewController.m in Sources */,
				D95BFC751B3ECABC00DB0617 /* main.m in Sources */,
			);
			runOnlyForDeploymentPostprocessing = 0;
		};
		D95BFC871B3ECABC00DB0617 /* Sources */ = {
			isa = PBXSourcesBuildPhase;
			buildActionMask = 2147483647;
			files = (
				D95BFC921B3ECABC00DB0617 /* project03viewTests.m in Sources */,
			);
			runOnlyForDeploymentPostprocessing = 0;
		};
/* End PBXSourcesBuildPhase section */

/* Begin PBXTargetDependency section */
		D95BFC8D1B3ECABC00DB0617 /* PBXTargetDependency */ = {
			isa = PBXTargetDependency;
			target = D95BFC6E1B3ECABB00DB0617 /* project03view */;
			targetProxy = D95BFC8C1B3ECABC00DB0617 /* PBXContainerItemProxy */;
		};
/* End PBXTargetDependency section */

/* Begin PBXVariantGroup section */
		D95BFC7F1B3ECABC00DB0617 /* Main.storyboard */ = {
			isa = PBXVariantGroup;
			children = (
				D95BFC801B3ECABC00DB0617 /* Base */,
			);
			name = Main.storyboard;
			sourceTree = "<group>";
		};
		D95BFC841B3ECABC00DB0617 /* LaunchScreen.xib */ = {
			isa = PBXVariantGroup;
			children = (
				D95BFC851B3ECABC00DB0617 /* Base */,
			);
			name = LaunchScreen.xib;
			sourceTree = "<group>";
		};
/* End PBXVariantGroup section */

/* Begin XCBuildConfiguration section */
		D95BFC931B3ECABC00DB0617 /* Debug */ = {
			isa = XCBuildConfiguration;
			buildSettings = {
				ALWAYS_SEARCH_USER_PATHS = NO;
				CLANG_CXX_LANGUAGE_STANDARD = "gnu++0x";
				CLANG_CXX_LIBRARY = "libc++";
				CLANG_ENABLE_MODULES = YES;
				CLANG_ENABLE_OBJC_ARC = YES;
				CLANG_WARN_BOOL_CONVERSION = YES;
				CLANG_WARN_CONSTANT_CONVERSION = YES;
				CLANG_WARN_DIRECT_OBJC_ISA_USAGE = YES_ERROR;
				CLANG_WARN_EMPTY_BODY = YES;
				CLANG_WARN_ENUM_CONVERSION = YES;
				CLANG_WARN_INT_CONVERSION = YES;
				CLANG_WARN_OBJC_ROOT_CLASS = YES_ERROR;
				CLANG_WARN_UNREACHABLE_CODE = YES;
				CLANG_WARN__DUPLICATE_METHOD_MATCH = YES;
				"CODE_SIGN_IDENTITY[sdk=iphoneos*]" = "iPhone Developer";
				COPY_PHASE_STRIP = NO;
				DEBUG_INFORMATION_FORMAT = "dwarf-with-dsym";
				ENABLE_STRICT_OBJC_MSGSEND = YES;
				GCC_C_LANGUAGE_STANDARD = gnu99;
				GCC_DYNAMIC_NO_PIC = NO;
				GCC_NO_COMMON_BLOCKS = YES;
				GCC_OPTIMIZATION_LEVEL = 0;
				GCC_PREPROCESSOR_DEFINITIONS = (
					"DEBUG=1",
					"$(inherited)",
				);
				GCC_SYMBOLS_PRIVATE_EXTERN = NO;
				GCC_WARN_64_TO_32_BIT_CONVERSION = YES;
				GCC_WARN_ABOUT_RETURN_TYPE = YES_ERROR;
				GCC_WARN_UNDECLARED_SELECTOR = YES;
				GCC_WARN_UNINITIALIZED_AUTOS = YES_AGGRESSIVE;
				GCC_WARN_UNUSED_FUNCTION = YES;
				GCC_WARN_UNUSED_VARIABLE = YES;
				IPHONEOS_DEPLOYMENT_TARGET = 8.3;
				MTL_ENABLE_DEBUG_INFO = YES;
				ONLY_ACTIVE_ARCH = YES;
				SDKROOT = iphoneos;
			};
			name = Debug;
		};
		D95BFC941B3ECABC00DB0617 /* Release */ = {
			isa = XCBuildConfiguration;
			buildSettings = {
				ALWAYS_SEARCH_USER_PATHS = NO;
				CLANG_CXX_LANGUAGE_STANDARD = "gnu++0x";
				CLANG_CXX_LIBRARY = "libc++";
				CLANG_ENABLE_MODULES = YES;
				CLANG_ENABLE_OBJC_ARC = YES;
				CLANG_WARN_BOOL_CONVERSION = YES;
				CLANG_WARN_CONSTANT_CONVERSION = YES;
				CLANG_WARN_DIRECT_OBJC_ISA_USAGE = YES_ERROR;
				CLANG_WARN_EMPTY_BODY = YES;
				CLANG_WARN_ENUM_CONVERSION = YES;
				CLANG_WARN_INT_CONVERSION = YES;
				CLANG_WARN_OBJC_ROOT_CLASS = YES_ERROR;
				CLANG_WARN_UNREACHABLE_CODE = YES;
				CLANG_WARN__DUPLICATE_METHOD_MATCH = YES;
				"CODE_SIGN_IDENTITY[sdk=iphoneos*]" = "iPhone Developer";
				COPY_PHASE_STRIP = NO;
				DEBUG_INFORMATION_FORMAT = "dwarf-with-dsym";
				ENABLE_NS_ASSERTIONS = NO;
				ENABLE_STRICT_OBJC_MSGSEND = YES;
				GCC_C_LANGUAGE_STANDARD = gnu99;
				GCC_NO_COMMON_BLOCKS = YES;
				GCC_WARN_64_TO_32_BIT_CONVERSION = YES;
				GCC_WARN_ABOUT_RETURN_TYPE = YES_ERROR;
				GCC_WARN_UNDECLARED_SELECTOR = YES;
				GCC_WARN_UNINITIALIZED_AUTOS = YES_AGGRESSIVE;
				GCC_WARN_UNUSED_FUNCTION = YES;
				GCC_WARN_UNUSED_VARIABLE = YES;
				IPHONEOS_DEPLOYMENT_TARGET = 8.3;
				MTL_ENABLE_DEBUG_INFO = NO;
				SDKROOT = iphoneos;
				VALIDATE_PRODUCT = YES;
			};
			name = Release;
		};
		D95BFC961B3ECABC00DB0617 /* Debug */ = {
			isa = XCBuildConfiguration;
			buildSettings = {
				ASSETCATALOG_COMPILER_APPICON_NAME = AppIcon;
				INFOPLIST_FILE = project03view/Info.plist;
				LD_RUNPATH_SEARCH_PATHS = "$(inherited) @executable_path/Frameworks";
				PRODUCT_NAME = "$(TARGET_NAME)";
				TARGETED_DEVICE_FAMILY = 1;
			};
			name = Debug;
		};
		D95BFC971B3ECABC00DB0617 /* Release */ = {
			isa = XCBuildConfiguration;
			buildSettings = {
				ASSETCATALOG_COMPILER_APPICON_NAME = AppIcon;
				INFOPLIST_FILE = project03view/Info.plist;
				LD_RUNPATH_SEARCH_PATHS = "$(inherited) @executable_path/Frameworks";
				PRODUCT_NAME = "$(TARGET_NAME)";
				TARGETED_DEVICE_FAMILY = 1;
			};
			name = Release;
		};
		D95BFC991B3ECABC00DB0617 /* Debug */ = {
			isa = XCBuildConfiguration;
			buildSettings = {
				BUNDLE_LOADER = "$(TEST_HOST)";
				FRAMEWORK_SEARCH_PATHS = (
					"$(SDKROOT)/Developer/Library/Frameworks",
					"$(inherited)",
				);
				GCC_PREPROCESSOR_DEFINITIONS = (
					"DEBUG=1",
					"$(inherited)",
				);
				INFOPLIST_FILE = project03viewTests/Info.plist;
				LD_RUNPATH_SEARCH_PATHS = "$(inherited) @executable_path/Frameworks @loader_path/Frameworks";
				PRODUCT_NAME = "$(TARGET_NAME)";
				TEST_HOST = "$(BUILT_PRODUCTS_DIR)/project03view.app/project03view";
			};
			name = Debug;
		};
		D95BFC9A1B3ECABC00DB0617 /* Release */ = {
			isa = XCBuildConfiguration;
			buildSettings = {
				BUNDLE_LOADER = "$(TEST_HOST)";
				FRAMEWORK_SEARCH_PATHS = (
					"$(SDKROOT)/Developer/Library/Frameworks",
					"$(inherited)",
				);
				INFOPLIST_FILE = project03viewTests/Info.plist;
				LD_RUNPATH_SEARCH_PATHS = "$(inherited) @executable_path/Frameworks @loader_path/Frameworks";
				PRODUCT_NAME = "$(TARGET_NAME)";
				TEST_HOST = "$(BUILT_PRODUCTS_DIR)/project03view.app/project03view";
			};
			name = Release;
		};
/* End XCBuildConfiguration section */

/* Begin XCConfigurationList section */
		D95BFC6A1B3ECABB00DB0617 /* Build configuration list for PBXProject "project03view" */ = {
			isa = XCConfigurationList;
			buildConfigurations = (
				D95BFC931B3ECABC00DB0617 /* Debug */,
				D95BFC941B3ECABC00DB0617 /* Release */,
			);
			defaultConfigurationIsVisible = 0;
			defaultConfigurationName = Release;
		};
		D95BFC951B3ECABC00DB0617 /* Build configuration list for PBXNativeTarget "project03view" */ = {
			isa = XCConfigurationList;
			buildConfigurations = (
				D95BFC961B3ECABC00DB0617 /* Debug */,
				D95BFC971B3ECABC00DB0617 /* Release */,
			);
			defaultConfigurationIsVisible = 0;
			defaultConfigurationName = Release;
		};
		D95BFC981B3ECABC00DB0617 /* Build configuration list for PBXNativeTarget "project03viewTests" */ = {
			isa = XCConfigurationList;
			buildConfigurations = (
				D95BFC991B3ECABC00DB0617 /* Debug */,
				D95BFC9A1B3ECABC00DB0617 /* Release */,
			);
			defaultConfigurationIsVisible = 0;
			defaultConfigurationName = Release;
		};
/* End XCConfigurationList section */
	};
	rootObject = D95BFC671B3ECABB00DB0617 /* Project object */;
}
