// !$*UTF8*$!
{
	archiveVersion = 1;
	classes = {
	};
	objectVersion = 46;
	objects = {

/* Begin PBXBuildFile section */
		D92BF5711B58ECF600576378 /* 01.jpg in Resources */ = {isa = PBXBuildFile; fileRef = D92BF55B1B58ECF600576378 /* 01.jpg */; };
		D92BF5721B58ECF600576378 /* 02.jpg in Resources */ = {isa = PBXBuildFile; fileRef = D92BF55C1B58ECF600576378 /* 02.jpg */; };
		D92BF5731B58ECF600576378 /* 03.jpg in Resources */ = {isa = PBXBuildFile; fileRef = D92BF55D1B58ECF600576378 /* 03.jpg */; };
		D92BF5741B58ECF600576378 /* 04.jpg in Resources */ = {isa = PBXBuildFile; fileRef = D92BF55E1B58ECF600576378 /* 04.jpg */; };
		D92BF5751B58ECF600576378 /* 05.jpg in Resources */ = {isa = PBXBuildFile; fileRef = D92BF55F1B58ECF600576378 /* 05.jpg */; };
		D92BF5761B58ECF600576378 /* 06.jpg in Resources */ = {isa = PBXBuildFile; fileRef = D92BF5601B58ECF600576378 /* 06.jpg */; };
		D92BF5771B58ECF600576378 /* 07.jpg in Resources */ = {isa = PBXBuildFile; fileRef = D92BF5611B58ECF600576378 /* 07.jpg */; };
		D92BF5781B58ECF600576378 /* 08.jpg in Resources */ = {isa = PBXBuildFile; fileRef = D92BF5621B58ECF600576378 /* 08.jpg */; };
		D92BF5791B58ECF600576378 /* 09.jpg in Resources */ = {isa = PBXBuildFile; fileRef = D92BF5631B58ECF600576378 /* 09.jpg */; };
		D92BF57A1B58ECF600576378 /* 10.jpg in Resources */ = {isa = PBXBuildFile; fileRef = D92BF5641B58ECF600576378 /* 10.jpg */; };
		D92BF57B1B58ECF600576378 /* 11.jpg in Resources */ = {isa = PBXBuildFile; fileRef = D92BF5651B58ECF600576378 /* 11.jpg */; };
		D92BF57C1B58ECF600576378 /* 12.jpg in Resources */ = {isa = PBXBuildFile; fileRef = D92BF5661B58ECF600576378 /* 12.jpg */; };
		D92BF57D1B58ECF600576378 /* 13.jpg in Resources */ = {isa = PBXBuildFile; fileRef = D92BF5671B58ECF600576378 /* 13.jpg */; };
		D92BF57E1B58ECF600576378 /* 14.jpg in Resources */ = {isa = PBXBuildFile; fileRef = D92BF5681B58ECF600576378 /* 14.jpg */; };
		D92BF57F1B58ECF600576378 /* 15.jpg in Resources */ = {isa = PBXBuildFile; fileRef = D92BF5691B58ECF600576378 /* 15.jpg */; };
		D92BF5801B58ECF600576378 /* 16.jpg in Resources */ = {isa = PBXBuildFile; fileRef = D92BF56A1B58ECF600576378 /* 16.jpg */; };
		D92BF5811B58ECF600576378 /* 17.jpg in Resources */ = {isa = PBXBuildFile; fileRef = D92BF56B1B58ECF600576378 /* 17.jpg */; };
		D92BF5821B58ECF600576378 /* 18.jpg in Resources */ = {isa = PBXBuildFile; fileRef = D92BF56C1B58ECF600576378 /* 18.jpg */; };
		D92BF5831B58ECF600576378 /* 19.jpg in Resources */ = {isa = PBXBuildFile; fileRef = D92BF56D1B58ECF600576378 /* 19.jpg */; };
		D92BF5841B58ECF600576378 /* 20.jpg in Resources */ = {isa = PBXBuildFile; fileRef = D92BF56E1B58ECF600576378 /* 20.jpg */; };
		D92BF5851B58ECF600576378 /* 21.jpg in Resources */ = {isa = PBXBuildFile; fileRef = D92BF56F1B58ECF600576378 /* 21.jpg */; };
		D92BF5861B58ECF600576378 /* 22.jpg in Resources */ = {isa = PBXBuildFile; fileRef = D92BF5701B58ECF600576378 /* 22.jpg */; };
		D95FCF201B5682A900CF0C69 /* main.m in Sources */ = {isa = PBXBuildFile; fileRef = D95FCF1F1B5682A900CF0C69 /* main.m */; };
		D95FCF231B5682A900CF0C69 /* AppDelegate.m in Sources */ = {isa = PBXBuildFile; fileRef = D95FCF221B5682A900CF0C69 /* AppDelegate.m */; };
		D95FCF261B5682A900CF0C69 /* ViewController.m in Sources */ = {isa = PBXBuildFile; fileRef = D95FCF251B5682A900CF0C69 /* ViewController.m */; };
		D95FCF291B5682A900CF0C69 /* Main.storyboard in Resources */ = {isa = PBXBuildFile; fileRef = D95FCF271B5682A900CF0C69 /* Main.storyboard */; };
		D95FCF2B1B5682A900CF0C69 /* Images.xcassets in Resources */ = {isa = PBXBuildFile; fileRef = D95FCF2A1B5682A900CF0C69 /* Images.xcassets */; };
		D95FCF2E1B5682A900CF0C69 /* LaunchScreen.xib in Resources */ = {isa = PBXBuildFile; fileRef = D95FCF2C1B5682A900CF0C69 /* LaunchScreen.xib */; };
		D95FCF3A1B5682A900CF0C69 /* project06ScrollTests.m in Sources */ = {isa = PBXBuildFile; fileRef = D95FCF391B5682A900CF0C69 /* project06ScrollTests.m */; };
/* End PBXBuildFile section */

/* Begin PBXContainerItemProxy section */
		D95FCF341B5682A900CF0C69 /* PBXContainerItemProxy */ = {
			isa = PBXContainerItemProxy;
			containerPortal = D95FCF121B5682A900CF0C69 /* Project object */;
			proxyType = 1;
			remoteGlobalIDString = D95FCF191B5682A900CF0C69;
			remoteInfo = project06Scroll;
		};
/* End PBXContainerItemProxy section */

/* Begin PBXFileReference section */
		D92BF55B1B58ECF600576378 /* 01.jpg */ = {isa = PBXFileReference; lastKnownFileType = image.jpeg; path = 01.jpg; sourceTree = "<group>"; };
		D92BF55C1B58ECF600576378 /* 02.jpg */ = {isa = PBXFileReference; lastKnownFileType = image.jpeg; path = 02.jpg; sourceTree = "<group>"; };
		D92BF55D1B58ECF600576378 /* 03.jpg */ = {isa = PBXFileReference; lastKnownFileType = image.jpeg; path = 03.jpg; sourceTree = "<group>"; };
		D92BF55E1B58ECF600576378 /* 04.jpg */ = {isa = PBXFileReference; lastKnownFileType = image.jpeg; path = 04.jpg; sourceTree = "<group>"; };
		D92BF55F1B58ECF600576378 /* 05.jpg */ = {isa = PBXFileReference; lastKnownFileType = image.jpeg; path = 05.jpg; sourceTree = "<group>"; };
		D92BF5601B58ECF600576378 /* 06.jpg */ = {isa = PBXFileReference; lastKnownFileType = image.jpeg; path = 06.jpg; sourceTree = "<group>"; };
		D92BF5611B58ECF600576378 /* 07.jpg */ = {isa = PBXFileReference; lastKnownFileType = image.jpeg; path = 07.jpg; sourceTree = "<group>"; };
		D92BF5621B58ECF600576378 /* 08.jpg */ = {isa = PBXFileReference; lastKnownFileType = image.jpeg; path = 08.jpg; sourceTree = "<group>"; };
		D92BF5631B58ECF600576378 /* 09.jpg */ = {isa = PBXFileReference; lastKnownFileType = image.jpeg; path = 09.jpg; sourceTree = "<group>"; };
		D92BF5641B58ECF600576378 /* 10.jpg */ = {isa = PBXFileReference; lastKnownFileType = image.jpeg; path = 10.jpg; sourceTree = "<group>"; };
		D92BF5651B58ECF600576378 /* 11.jpg */ = {isa = PBXFileReference; lastKnownFileType = image.jpeg; path = 11.jpg; sourceTree = "<group>"; };
		D92BF5661B58ECF600576378 /* 12.jpg */ = {isa = PBXFileReference; lastKnownFileType = image.jpeg; path = 12.jpg; sourceTree = "<group>"; };
		D92BF5671B58ECF600576378 /* 13.jpg */ = {isa = PBXFileReference; lastKnownFileType = image.jpeg; path = 13.jpg; sourceTree = "<group>"; };
		D92BF5681B58ECF600576378 /* 14.jpg */ = {isa = PBXFileReference; lastKnownFileType = image.jpeg; path = 14.jpg; sourceTree = "<group>"; };
		D92BF5691B58ECF600576378 /* 15.jpg */ = {isa = PBXFileReference; lastKnownFileType = image.jpeg; path = 15.jpg; sourceTree = "<group>"; };
		D92BF56A1B58ECF600576378 /* 16.jpg */ = {isa = PBXFileReference; lastKnownFileType = image.jpeg; path = 16.jpg; sourceTree = "<group>"; };
		D92BF56B1B58ECF600576378 /* 17.jpg */ = {isa = PBXFileReference; lastKnownFileType = image.jpeg; path = 17.jpg; sourceTree = "<group>"; };
		D92BF56C1B58ECF600576378 /* 18.jpg */ = {isa = PBXFileReference; lastKnownFileType = image.jpeg; path = 18.jpg; sourceTree = "<group>"; };
		D92BF56D1B58ECF600576378 /* 19.jpg */ = {isa = PBXFileReference; lastKnownFileType = image.jpeg; path = 19.jpg; sourceTree = "<group>"; };
		D92BF56E1B58ECF600576378 /* 20.jpg */ = {isa = PBXFileReference; lastKnownFileType = image.jpeg; path = 20.jpg; sourceTree = "<group>"; };
		D92BF56F1B58ECF600576378 /* 21.jpg */ = {isa = PBXFileReference; lastKnownFileType = image.jpeg; path = 21.jpg; sourceTree = "<group>"; };
		D92BF5701B58ECF600576378 /* 22.jpg */ = {isa = PBXFileReference; lastKnownFileType = image.jpeg; path = 22.jpg; sourceTree = "<group>"; };
		D95FCF1A1B5682A900CF0C69 /* project06Scroll.app */ = {isa = PBXFileReference; explicitFileType = wrapper.application; includeInIndex = 0; path = project06Scroll.app; sourceTree = BUILT_PRODUCTS_DIR; };
		D95FCF1E1B5682A900CF0C69 /* Info.plist */ = {isa = PBXFileReference; lastKnownFileType = text.plist.xml; path = Info.plist; sourceTree = "<group>"; };
		D95FCF1F1B5682A900CF0C69 /* main.m */ = {isa = PBXFileReference; lastKnownFileType = sourcecode.c.objc; path = main.m; sourceTree = "<group>"; };
		D95FCF211B5682A900CF0C69 /* AppDelegate.h */ = {isa = PBXFileReference; lastKnownFileType = sourcecode.c.h; path = AppDelegate.h; sourceTree = "<group>"; };
		D95FCF221B5682A900CF0C69 /* AppDelegate.m */ = {isa = PBXFileReference; lastKnownFileType = sourcecode.c.objc; path = AppDelegate.m; sourceTree = "<group>"; };
		D95FCF241B5682A900CF0C69 /* ViewController.h */ = {isa = PBXFileReference; lastKnownFileType = sourcecode.c.h; path = ViewController.h; sourceTree = "<group>"; };
		D95FCF251B5682A900CF0C69 /* ViewController.m */ = {isa = PBXFileReference; lastKnownFileType = sourcecode.c.objc; path = ViewController.m; sourceTree = "<group>"; };
		D95FCF281B5682A900CF0C69 /* Base */ = {isa = PBXFileReference; lastKnownFileType = file.storyboard; name = Base; path = Base.lproj/Main.storyboard; sourceTree = "<group>"; };
		D95FCF2A1B5682A900CF0C69 /* Images.xcassets */ = {isa = PBXFileReference; lastKnownFileType = folder.assetcatalog; path = Images.xcassets; sourceTree = "<group>"; };
		D95FCF2D1B5682A900CF0C69 /* Base */ = {isa = PBXFileReference; lastKnownFileType = file.xib; name = Base; path = Base.lproj/LaunchScreen.xib; sourceTree = "<group>"; };
		D95FCF331B5682A900CF0C69 /* project06ScrollTests.xctest */ = {isa = PBXFileReference; explicitFileType = wrapper.cfbundle; includeInIndex = 0; path = project06ScrollTests.xctest; sourceTree = BUILT_PRODUCTS_DIR; };
		D95FCF381B5682A900CF0C69 /* Info.plist */ = {isa = PBXFileReference; lastKnownFileType = text.plist.xml; path = Info.plist; sourceTree = "<group>"; };
		D95FCF391B5682A900CF0C69 /* project06ScrollTests.m */ = {isa = PBXFileReference; lastKnownFileType = sourcecode.c.objc; path = project06ScrollTests.m; sourceTree = "<group>"; };
/* End PBXFileReference section */

/* Begin PBXFrameworksBuildPhase section */
		D95FCF171B5682A900CF0C69 /* Frameworks */ = {
			isa = PBXFrameworksBuildPhase;
			buildActionMask = 2147483647;
			files = (
			);
			runOnlyForDeploymentPostprocessing = 0;
		};
		D95FCF301B5682A900CF0C69 /* Frameworks */ = {
			isa = PBXFrameworksBuildPhase;
			buildActionMask = 2147483647;
			files = (
			);
			runOnlyForDeploymentPostprocessing = 0;
		};
/* End PBXFrameworksBuildPhase section */

/* Begin PBXGroup section */
		D92BF52E1B58EC9F00576378 /* images */ = {
			isa = PBXGroup;
			children = (
				D92BF55B1B58ECF600576378 /* 01.jpg */,
				D92BF55C1B58ECF600576378 /* 02.jpg */,
				D92BF55D1B58ECF600576378 /* 03.jpg */,
				D92BF55E1B58ECF600576378 /* 04.jpg */,
				D92BF55F1B58ECF600576378 /* 05.jpg */,
				D92BF5601B58ECF600576378 /* 06.jpg */,
				D92BF5611B58ECF600576378 /* 07.jpg */,
				D92BF5621B58ECF600576378 /* 08.jpg */,
				D92BF5631B58ECF600576378 /* 09.jpg */,
				D92BF5641B58ECF600576378 /* 10.jpg */,
				D92BF5651B58ECF600576378 /* 11.jpg */,
				D92BF5661B58ECF600576378 /* 12.jpg */,
				D92BF5671B58ECF600576378 /* 13.jpg */,
				D92BF5681B58ECF600576378 /* 14.jpg */,
				D92BF5691B58ECF600576378 /* 15.jpg */,
				D92BF56A1B58ECF600576378 /* 16.jpg */,
				D92BF56B1B58ECF600576378 /* 17.jpg */,
				D92BF56C1B58ECF600576378 /* 18.jpg */,
				D92BF56D1B58ECF600576378 /* 19.jpg */,
				D92BF56E1B58ECF600576378 /* 20.jpg */,
				D92BF56F1B58ECF600576378 /* 21.jpg */,
				D92BF5701B58ECF600576378 /* 22.jpg */,
			);
			name = images;
			sourceTree = "<group>";
		};
		D95FCF111B5682A900CF0C69 = {
			isa = PBXGroup;
			children = (
				D95FCF1C1B5682A900CF0C69 /* project06Scroll */,
				D95FCF361B5682A900CF0C69 /* project06ScrollTests */,
				D95FCF1B1B5682A900CF0C69 /* Products */,
			);
			sourceTree = "<group>";
		};
		D95FCF1B1B5682A900CF0C69 /* Products */ = {
			isa = PBXGroup;
			children = (
				D95FCF1A1B5682A900CF0C69 /* project06Scroll.app */,
				D95FCF331B5682A900CF0C69 /* project06ScrollTests.xctest */,
			);
			name = Products;
			sourceTree = "<group>";
		};
		D95FCF1C1B5682A900CF0C69 /* project06Scroll */ = {
			isa = PBXGroup;
			children = (
				D92BF52E1B58EC9F00576378 /* images */,
				D95FCF211B5682A900CF0C69 /* AppDelegate.h */,
				D95FCF221B5682A900CF0C69 /* AppDelegate.m */,
				D95FCF241B5682A900CF0C69 /* ViewController.h */,
				D95FCF251B5682A900CF0C69 /* ViewController.m */,
				D95FCF271B5682A900CF0C69 /* Main.storyboard */,
				D95FCF2A1B5682A900CF0C69 /* Images.xcassets */,
				D95FCF2C1B5682A900CF0C69 /* LaunchScreen.xib */,
				D95FCF1D1B5682A900CF0C69 /* Supporting Files */,
			);
			path = project06Scroll;
			sourceTree = "<group>";
		};
		D95FCF1D1B5682A900CF0C69 /* Supporting Files */ = {
			isa = PBXGroup;
			children = (
				D95FCF1E1B5682A900CF0C69 /* Info.plist */,
				D95FCF1F1B5682A900CF0C69 /* main.m */,
			);
			name = "Supporting Files";
			sourceTree = "<group>";
		};
		D95FCF361B5682A900CF0C69 /* project06ScrollTests */ = {
			isa = PBXGroup;
			children = (
				D95FCF391B5682A900CF0C69 /* project06ScrollTests.m */,
				D95FCF371B5682A900CF0C69 /* Supporting Files */,
			);
			path = project06ScrollTests;
			sourceTree = "<group>";
		};
		D95FCF371B5682A900CF0C69 /* Supporting Files */ = {
			isa = PBXGroup;
			children = (
				D95FCF381B5682A900CF0C69 /* Info.plist */,
			);
			name = "Supporting Files";
			sourceTree = "<group>";
		};
/* End PBXGroup section */

/* Begin PBXNativeTarget section */
		D95FCF191B5682A900CF0C69 /* project06Scroll */ = {
			isa = PBXNativeTarget;
			buildConfigurationList = D95FCF3D1B5682A900CF0C69 /* Build configuration list for PBXNativeTarget "project06Scroll" */;
			buildPhases = (
				D95FCF161B5682A900CF0C69 /* Sources */,
				D95FCF171B5682A900CF0C69 /* Frameworks */,
				D95FCF181B5682A900CF0C69 /* Resources */,
			);
			buildRules = (
			);
			dependencies = (
			);
			name = project06Scroll;
			productName = project06Scroll;
			productReference = D95FCF1A1B5682A900CF0C69 /* project06Scroll.app */;
			productType = "com.apple.product-type.application";
		};
		D95FCF321B5682A900CF0C69 /* project06ScrollTests */ = {
			isa = PBXNativeTarget;
			buildConfigurationList = D95FCF401B5682A900CF0C69 /* Build configuration list for PBXNativeTarget "project06ScrollTests" */;
			buildPhases = (
				D95FCF2F1B5682A900CF0C69 /* Sources */,
				D95FCF301B5682A900CF0C69 /* Frameworks */,
				D95FCF311B5682A900CF0C69 /* Resources */,
			);
			buildRules = (
			);
			dependencies = (
				D95FCF351B5682A900CF0C69 /* PBXTargetDependency */,
			);
			name = project06ScrollTests;
			productName = project06ScrollTests;
			productReference = D95FCF331B5682A900CF0C69 /* project06ScrollTests.xctest */;
			productType = "com.apple.product-type.bundle.unit-test";
		};
/* End PBXNativeTarget section */

/* Begin PBXProject section */
		D95FCF121B5682A900CF0C69 /* Project object */ = {
			isa = PBXProject;
			attributes = {
				LastUpgradeCheck = 0640;
				ORGANIZATIONNAME = nhnnext;
				TargetAttributes = {
					D95FCF191B5682A900CF0C69 = {
						CreatedOnToolsVersion = 6.4;
					};
					D95FCF321B5682A900CF0C69 = {
						CreatedOnToolsVersion = 6.4;
						TestTargetID = D95FCF191B5682A900CF0C69;
					};
				};
			};
			buildConfigurationList = D95FCF151B5682A900CF0C69 /* Build configuration list for PBXProject "project06Scroll" */;
			compatibilityVersion = "Xcode 3.2";
			developmentRegion = English;
			hasScannedForEncodings = 0;
			knownRegions = (
				en,
				Base,
			);
			mainGroup = D95FCF111B5682A900CF0C69;
			productRefGroup = D95FCF1B1B5682A900CF0C69 /* Products */;
			projectDirPath = "";
			projectRoot = "";
			targets = (
				D95FCF191B5682A900CF0C69 /* project06Scroll */,
				D95FCF321B5682A900CF0C69 /* project06ScrollTests */,
			);
		};
/* End PBXProject section */

/* Begin PBXResourcesBuildPhase section */
		D95FCF181B5682A900CF0C69 /* Resources */ = {
			isa = PBXResourcesBuildPhase;
			buildActionMask = 2147483647;
			files = (
				D92BF57A1B58ECF600576378 /* 10.jpg in Resources */,
				D92BF5771B58ECF600576378 /* 07.jpg in Resources */,
				D92BF5841B58ECF600576378 /* 20.jpg in Resources */,
				D92BF5731B58ECF600576378 /* 03.jpg in Resources */,
				D92BF5781B58ECF600576378 /* 08.jpg in Resources */,
				D92BF5721B58ECF600576378 /* 02.jpg in Resources */,
				D92BF5821B58ECF600576378 /* 18.jpg in Resources */,
				D92BF5811B58ECF600576378 /* 17.jpg in Resources */,
				D92BF57C1B58ECF600576378 /* 12.jpg in Resources */,
				D92BF57B1B58ECF600576378 /* 11.jpg in Resources */,
				D92BF5861B58ECF600576378 /* 22.jpg in Resources */,
				D92BF5831B58ECF600576378 /* 19.jpg in Resources */,
				D92BF5751B58ECF600576378 /* 05.jpg in Resources */,
				D92BF57E1B58ECF600576378 /* 14.jpg in Resources */,
				D92BF5761B58ECF600576378 /* 06.jpg in Resources */,
				D92BF57D1B58ECF600576378 /* 13.jpg in Resources */,
				D92BF5791B58ECF600576378 /* 09.jpg in Resources */,
				D92BF5851B58ECF600576378 /* 21.jpg in Resources */,
				D95FCF291B5682A900CF0C69 /* Main.storyboard in Resources */,
				D95FCF2E1B5682A900CF0C69 /* LaunchScreen.xib in Resources */,
				D92BF5741B58ECF600576378 /* 04.jpg in Resources */,
				D92BF5711B58ECF600576378 /* 01.jpg in Resources */,
				D92BF5801B58ECF600576378 /* 16.jpg in Resources */,
				D95FCF2B1B5682A900CF0C69 /* Images.xcassets in Resources */,
				D92BF57F1B58ECF600576378 /* 15.jpg in Resources */,
			);
			runOnlyForDeploymentPostprocessing = 0;
		};
		D95FCF311B5682A900CF0C69 /* Resources */ = {
			isa = PBXResourcesBuildPhase;
			buildActionMask = 2147483647;
			files = (
			);
			runOnlyForDeploymentPostprocessing = 0;
		};
/* End PBXResourcesBuildPhase section */

/* Begin PBXSourcesBuildPhase section */
		D95FCF161B5682A900CF0C69 /* Sources */ = {
			isa = PBXSourcesBuildPhase;
			buildActionMask = 2147483647;
			files = (
				D95FCF261B5682A900CF0C69 /* ViewController.m in Sources */,
				D95FCF231B5682A900CF0C69 /* AppDelegate.m in Sources */,
				D95FCF201B5682A900CF0C69 /* main.m in Sources */,
			);
			runOnlyForDeploymentPostprocessing = 0;
		};
		D95FCF2F1B5682A900CF0C69 /* Sources */ = {
			isa = PBXSourcesBuildPhase;
			buildActionMask = 2147483647;
			files = (
				D95FCF3A1B5682A900CF0C69 /* project06ScrollTests.m in Sources */,
			);
			runOnlyForDeploymentPostprocessing = 0;
		};
/* End PBXSourcesBuildPhase section */

/* Begin PBXTargetDependency section */
		D95FCF351B5682A900CF0C69 /* PBXTargetDependency */ = {
			isa = PBXTargetDependency;
			target = D95FCF191B5682A900CF0C69 /* project06Scroll */;
			targetProxy = D95FCF341B5682A900CF0C69 /* PBXContainerItemProxy */;
		};
/* End PBXTargetDependency section */

/* Begin PBXVariantGroup section */
		D95FCF271B5682A900CF0C69 /* Main.storyboard */ = {
			isa = PBXVariantGroup;
			children = (
				D95FCF281B5682A900CF0C69 /* Base */,
			);
			name = Main.storyboard;
			sourceTree = "<group>";
		};
		D95FCF2C1B5682A900CF0C69 /* LaunchScreen.xib */ = {
			isa = PBXVariantGroup;
			children = (
				D95FCF2D1B5682A900CF0C69 /* Base */,
			);
			name = LaunchScreen.xib;
			sourceTree = "<group>";
		};
/* End PBXVariantGroup section */

/* Begin XCBuildConfiguration section */
		D95FCF3B1B5682A900CF0C69 /* Debug */ = {
			isa = XCBuildConfiguration;
			buildSettings = {
				ALWAYS_SEARCH_USER_PATHS = NO;
				CLANG_CXX_LANGUAGE_STANDARD = "gnu++0x";
				CLANG_CXX_LIBRARY = "libc++";
				CLANG_ENABLE_MODULES = YES;
				CLANG_ENABLE_OBJC_ARC = YES;
				CLANG_WARN_BOOL_CONVERSION = YES;
				CLANG_WARN_CONSTANT_CONVERSION = YES;
				CLANG_WARN_DIRECT_OBJC_ISA_USAGE = YES_ERROR;
				CLANG_WARN_EMPTY_BODY = YES;
				CLANG_WARN_ENUM_CONVERSION = YES;
				CLANG_WARN_INT_CONVERSION = YES;
				CLANG_WARN_OBJC_ROOT_CLASS = YES_ERROR;
				CLANG_WARN_UNREACHABLE_CODE = YES;
				CLANG_WARN__DUPLICATE_METHOD_MATCH = YES;
				"CODE_SIGN_IDENTITY[sdk=iphoneos*]" = "iPhone Developer";
				COPY_PHASE_STRIP = NO;
				DEBUG_INFORMATION_FORMAT = "dwarf-with-dsym";
				ENABLE_STRICT_OBJC_MSGSEND = YES;
				GCC_C_LANGUAGE_STANDARD = gnu99;
				GCC_DYNAMIC_NO_PIC = NO;
				GCC_NO_COMMON_BLOCKS = YES;
				GCC_OPTIMIZATION_LEVEL = 0;
				GCC_PREPROCESSOR_DEFINITIONS = (
					"DEBUG=1",
					"$(inherited)",
				);
				GCC_SYMBOLS_PRIVATE_EXTERN = NO;
				GCC_WARN_64_TO_32_BIT_CONVERSION = YES;
				GCC_WARN_ABOUT_RETURN_TYPE = YES_ERROR;
				GCC_WARN_UNDECLARED_SELECTOR = YES;
				GCC_WARN_UNINITIALIZED_AUTOS = YES_AGGRESSIVE;
				GCC_WARN_UNUSED_FUNCTION = YES;
				GCC_WARN_UNUSED_VARIABLE = YES;
				IPHONEOS_DEPLOYMENT_TARGET = 8.4;
				MTL_ENABLE_DEBUG_INFO = YES;
				ONLY_ACTIVE_ARCH = YES;
				SDKROOT = iphoneos;
			};
			name = Debug;
		};
		D95FCF3C1B5682A900CF0C69 /* Release */ = {
			isa = XCBuildConfiguration;
			buildSettings = {
				ALWAYS_SEARCH_USER_PATHS = NO;
				CLANG_CXX_LANGUAGE_STANDARD = "gnu++0x";
				CLANG_CXX_LIBRARY = "libc++";
				CLANG_ENABLE_MODULES = YES;
				CLANG_ENABLE_OBJC_ARC = YES;
				CLANG_WARN_BOOL_CONVERSION = YES;
				CLANG_WARN_CONSTANT_CONVERSION = YES;
				CLANG_WARN_DIRECT_OBJC_ISA_USAGE = YES_ERROR;
				CLANG_WARN_EMPTY_BODY = YES;
				CLANG_WARN_ENUM_CONVERSION = YES;
				CLANG_WARN_INT_CONVERSION = YES;
				CLANG_WARN_OBJC_ROOT_CLASS = YES_ERROR;
				CLANG_WARN_UNREACHABLE_CODE = YES;
				CLANG_WARN__DUPLICATE_METHOD_MATCH = YES;
				"CODE_SIGN_IDENTITY[sdk=iphoneos*]" = "iPhone Developer";
				COPY_PHASE_STRIP = NO;
				DEBUG_INFORMATION_FORMAT = "dwarf-with-dsym";
				ENABLE_NS_ASSERTIONS = NO;
				ENABLE_STRICT_OBJC_MSGSEND = YES;
				GCC_C_LANGUAGE_STANDARD = gnu99;
				GCC_NO_COMMON_BLOCKS = YES;
				GCC_WARN_64_TO_32_BIT_CONVERSION = YES;
				GCC_WARN_ABOUT_RETURN_TYPE = YES_ERROR;
				GCC_WARN_UNDECLARED_SELECTOR = YES;
				GCC_WARN_UNINITIALIZED_AUTOS = YES_AGGRESSIVE;
				GCC_WARN_UNUSED_FUNCTION = YES;
				GCC_WARN_UNUSED_VARIABLE = YES;
				IPHONEOS_DEPLOYMENT_TARGET = 8.4;
				MTL_ENABLE_DEBUG_INFO = NO;
				SDKROOT = iphoneos;
				VALIDATE_PRODUCT = YES;
			};
			name = Release;
		};
		D95FCF3E1B5682A900CF0C69 /* Debug */ = {
			isa = XCBuildConfiguration;
			buildSettings = {
				ASSETCATALOG_COMPILER_APPICON_NAME = AppIcon;
				INFOPLIST_FILE = project06Scroll/Info.plist;
				LD_RUNPATH_SEARCH_PATHS = "$(inherited) @executable_path/Frameworks";
				PRODUCT_NAME = "$(TARGET_NAME)";
			};
			name = Debug;
		};
		D95FCF3F1B5682A900CF0C69 /* Release */ = {
			isa = XCBuildConfiguration;
			buildSettings = {
				ASSETCATALOG_COMPILER_APPICON_NAME = AppIcon;
				INFOPLIST_FILE = project06Scroll/Info.plist;
				LD_RUNPATH_SEARCH_PATHS = "$(inherited) @executable_path/Frameworks";
				PRODUCT_NAME = "$(TARGET_NAME)";
			};
			name = Release;
		};
		D95FCF411B5682A900CF0C69 /* Debug */ = {
			isa = XCBuildConfiguration;
			buildSettings = {
				BUNDLE_LOADER = "$(TEST_HOST)";
				FRAMEWORK_SEARCH_PATHS = (
					"$(SDKROOT)/Developer/Library/Frameworks",
					"$(inherited)",
				);
				GCC_PREPROCESSOR_DEFINITIONS = (
					"DEBUG=1",
					"$(inherited)",
				);
				INFOPLIST_FILE = project06ScrollTests/Info.plist;
				LD_RUNPATH_SEARCH_PATHS = "$(inherited) @executable_path/Frameworks @loader_path/Frameworks";
				PRODUCT_NAME = "$(TARGET_NAME)";
				TEST_HOST = "$(BUILT_PRODUCTS_DIR)/project06Scroll.app/project06Scroll";
			};
			name = Debug;
		};
		D95FCF421B5682A900CF0C69 /* Release */ = {
			isa = XCBuildConfiguration;
			buildSettings = {
				BUNDLE_LOADER = "$(TEST_HOST)";
				FRAMEWORK_SEARCH_PATHS = (
					"$(SDKROOT)/Developer/Library/Frameworks",
					"$(inherited)",
				);
				INFOPLIST_FILE = project06ScrollTests/Info.plist;
				LD_RUNPATH_SEARCH_PATHS = "$(inherited) @executable_path/Frameworks @loader_path/Frameworks";
				PRODUCT_NAME = "$(TARGET_NAME)";
				TEST_HOST = "$(BUILT_PRODUCTS_DIR)/project06Scroll.app/project06Scroll";
			};
			name = Release;
		};
/* End XCBuildConfiguration section */

/* Begin XCConfigurationList section */
		D95FCF151B5682A900CF0C69 /* Build configuration list for PBXProject "project06Scroll" */ = {
			isa = XCConfigurationList;
			buildConfigurations = (
				D95FCF3B1B5682A900CF0C69 /* Debug */,
				D95FCF3C1B5682A900CF0C69 /* Release */,
			);
			defaultConfigurationIsVisible = 0;
			defaultConfigurationName = Release;
		};
		D95FCF3D1B5682A900CF0C69 /* Build configuration list for PBXNativeTarget "project06Scroll" */ = {
			isa = XCConfigurationList;
			buildConfigurations = (
				D95FCF3E1B5682A900CF0C69 /* Debug */,
				D95FCF3F1B5682A900CF0C69 /* Release */,
			);
			defaultConfigurationIsVisible = 0;
			defaultConfigurationName = Release;
		};
		D95FCF401B5682A900CF0C69 /* Build configuration list for PBXNativeTarget "project06ScrollTests" */ = {
			isa = XCConfigurationList;
			buildConfigurations = (
				D95FCF411B5682A900CF0C69 /* Debug */,
				D95FCF421B5682A900CF0C69 /* Release */,
			);
			defaultConfigurationIsVisible = 0;
			defaultConfigurationName = Release;
		};
/* End XCConfigurationList section */
	};
	rootObject = D95FCF121B5682A900CF0C69 /* Project object */;
}
